PODS:
  - IQKeyboardManager (6.2.0)
  - JVFloatLabeledTextField (1.2.1)

DEPENDENCIES:
  - IQKeyboardManager
  - JVFloatLabeledTextField

SPEC REPOS:
  https://github.com/cocoapods/specs.git:
    - IQKeyboardManager
    - JVFloatLabeledTextField

SPEC CHECKSUMS:
  IQKeyboardManager: 6194101620b73af5e67900b8f89707a99de0b804
  JVFloatLabeledTextField: cfc44e3c4d493b2ed92ede8035e8e89c2912ba64

PODFILE CHECKSUM: 33328ccb320b878d919b472c805dbfe2caf8b69d

COCOAPODS: 1.5.3
